
Microsoft Visual Studio Solution File, Format Version 12.00
# Visual Studio Version 17
VisualStudioVersion = 17.11.35327.3
MinimumVisualStudioVersion = 10.0.40219.1
Project("{FAE04EC0-301F-11D3-BF4B-00C04F79EFBC}") = "PizzaOrdering", "PizzaOrdering.csproj", "{80AF80C0-A728-41A8-91AE-6DF8FCB7C8F1}"
EndProject
Global
	GlobalSection(SolutionConfigurationPlatforms) = preSolution
		Debug|Any CPU = Debug|Any CPU
		Release|Any CPU = Release|Any CPU
	EndGlobalSection
	GlobalSection(ProjectConfigurationPlatforms) = postSolution
		{80AF80C0-A728-41A8-91AE-6DF8FCB7C8F1}.Debug|Any CPU.ActiveCfg = Debug|Any CPU
		{80AF80C0-A728-41A8-91AE-6DF8FCB7C8F1}.Debug|Any CPU.Build.0 = Debug|Any CPU
		{80AF80C0-A728-41A8-91AE-6DF8FCB7C8F1}.Release|Any CPU.ActiveCfg = Release|Any CPU
		{80AF80C0-A728-41A8-91AE-6DF8FCB7C8F1}.Release|Any CPU.Build.0 = Release|Any CPU
	EndGlobalSection
	GlobalSection(SolutionProperties) = preSolution
		HideSolutionNode = FALSE
	EndGlobalSection
	GlobalSection(ExtensibilityGlobals) = postSolution
		SolutionGuid = {9E1C0F18-0EF2-4FBC-A24A-A5B78DE35756}
	EndGlobalSection
EndGlobal
